
Microsoft Visual Studio Solution File, Format Version 12.00
# Visual Studio 15
VisualStudioVersion = 15.0.28307.539
MinimumVisualStudioVersion = 10.0.40219.1
Project("{FAE04EC0-301F-11D3-BF4B-00C04F79EFBC}") = "Hamamotsu.Identity", "Hamamotsu.Identity\Hamamotsu.Identity.csproj", "{2D0CD326-B500-4C51-9DC2-8C2CD9688DD6}"
EndProject
Project("{FAE04EC0-301F-11D3-BF4B-00C04F79EFBC}") = "Hamamotsu.Identity.Mvc", "Hamamotsu.Identity.Mvc\Hamamotsu.Identity.Mvc.csproj", "{48C67D2E-6556-4CED-9CA9-23AE766E4B4A}"
EndProject
Global
	GlobalSection(SolutionConfigurationPlatforms) = preSolution
		Debug|Any CPU = Debug|Any CPU
		Release|Any CPU = Release|Any CPU
	EndGlobalSection
	GlobalSection(ProjectConfigurationPlatforms) = postSolution
		{2D0CD326-B500-4C51-9DC2-8C2CD9688DD6}.Debug|Any CPU.ActiveCfg = Debug|Any CPU
		{2D0CD326-B500-4C51-9DC2-8C2CD9688DD6}.Debug|Any CPU.Build.0 = Debug|Any CPU
		{2D0CD326-B500-4C51-9DC2-8C2CD9688DD6}.Release|Any CPU.ActiveCfg = Release|Any CPU
		{2D0CD326-B500-4C51-9DC2-8C2CD9688DD6}.Release|Any CPU.Build.0 = Release|Any CPU
		{48C67D2E-6556-4CED-9CA9-23AE766E4B4A}.Debug|Any CPU.ActiveCfg = Debug|Any CPU
		{48C67D2E-6556-4CED-9CA9-23AE766E4B4A}.Debug|Any CPU.Build.0 = Debug|Any CPU
		{48C67D2E-6556-4CED-9CA9-23AE766E4B4A}.Release|Any CPU.ActiveCfg = Release|Any CPU
		{48C67D2E-6556-4CED-9CA9-23AE766E4B4A}.Release|Any CPU.Build.0 = Release|Any CPU
	EndGlobalSection
	GlobalSection(SolutionProperties) = preSolution
		HideSolutionNode = FALSE
	EndGlobalSection
	GlobalSection(ExtensibilityGlobals) = postSolution
		SolutionGuid = {FBDB0F91-CBE1-4131-A1E1-DD0079CD3F8F}
	EndGlobalSection
EndGlobal
